version = 1
revision = 3
requires-python = "==3.12.*"
resolution-markers = [
    "platform_machine != 'aarch64' or platform_python_implementation != 'CPython' or sys_platform != 'linux'",
    "platform_machine == 'aarch64' and platform_python_implementation == 'CPython' and sys_platform == 'linux'",
]

[[package]]
name = "attrs"
version = "25.3.0"
source = { registry = "https://download.pytorch.org/whl/nightly/cu130" }
wheels = [
    { url = "https://download.pytorch.org/whl/nightly/attrs-25.3.0-py3-none-any.whl" },
]

[[package]]
name = "contourpy"
version = "1.2.1"
source = { registry = "https://download.pytorch.org/whl/nightly/cu130" }
dependencies = [
    { name = "numpy" },
]
wheels = [
    { url = "https://download.pytorch.org/whl/nightly/contourpy-1.2.1-cp312-cp312-macosx_10_9_x86_64.whl" },
    { url = "https://download.pytorch.org/whl/nightly/contourpy-1.2.1-cp312-cp312-macosx_11_0_arm64.whl" },
    { url = "https://download.pytorch.org/whl/nightly/contourpy-1.2.1-cp312-cp312-manylinux_2_17_aarch64.manylinux2014_aarch64.whl" },
    { url = "https://download.pytorch.org/whl/nightly/contourpy-1.2.1-cp312-cp312-manylinux_2_17_ppc64le.manylinux2014_ppc64le.whl" },
    { url = "https://download.pytorch.org/whl/nightly/contourpy-1.2.1-cp312-cp312-manylinux_2_17_s390x.manylinux2014_s390x.whl" },
    { url = "https://download.pytorch.org/whl/nightly/contourpy-1.2.1-cp312-cp312-manylinux_2_17_x86_64.manylinux2014_x86_64.whl" },
    { url = "https://download.pytorch.org/whl/nightly/contourpy-1.2.1-cp312-cp312-win_amd64.whl" },
]

[[package]]
name = "cycler"
version = "0.12.1"
source = { registry = "https://download.pytorch.org/whl/nightly/cu130" }
wheels = [
    { url = "https://download.pytorch.org/whl/nightly/cycler-0.12.1-py3-none-any.whl" },
]

[[package]]
name = "filelock"
version = "3.19.1"
source = { registry = "https://download.pytorch.org/whl/nightly/cu130" }
wheels = [
    { url = "https://download.pytorch.org/whl/nightly/filelock-3.19.1-py3-none-any.whl" },
]

[[package]]
name = "fonttools"
version = "4.53.0"
source = { registry = "https://download.pytorch.org/whl/nightly/cu130" }
wheels = [
    { url = "https://download.pytorch.org/whl/nightly/fonttools-4.53.0-cp312-cp312-macosx_10_9_universal2.whl" },
    { url = "https://download.pytorch.org/whl/nightly/fonttools-4.53.0-cp312-cp312-macosx_11_0_arm64.whl" },
    { url = "https://download.pytorch.org/whl/nightly/fonttools-4.53.0-cp312-cp312-manylinux_2_17_aarch64.manylinux2014_aarch64.whl" },
    { url = "https://download.pytorch.org/whl/nightly/fonttools-4.53.0-cp312-cp312-manylinux_2_5_x86_64.manylinux1_x86_64.manylinux_2_17_x86_64.manylinux2014_x86_64.whl" },
    { url = "https://download.pytorch.org/whl/nightly/fonttools-4.53.0-cp312-cp312-win_amd64.whl" },
    { url = "https://download.pytorch.org/whl/nightly/fonttools-4.53.0-py3-none-any.whl" },
]

[[package]]
name = "fsspec"
version = "2025.9.0"
source = { registry = "https://download.pytorch.org/whl/nightly/cu130" }
wheels = [
    { url = "https://download.pytorch.org/whl/nightly/fsspec-2025.9.0-py3-none-any.whl" },
]

[[package]]
name = "jinja2"
version = "3.1.6"
source = { registry = "https://download.pytorch.org/whl/nightly/cu130" }
dependencies = [
    { name = "markupsafe" },
]
wheels = [
    { url = "https://download.pytorch.org/whl/nightly/jinja2-3.1.6-py3-none-any.whl" },
]

[[package]]
name = "joblib"
version = "1.5.2"
source = { registry = "https://pypi.org/simple" }
sdist = { url = "https://files.pythonhosted.org/packages/e8/5d/447af5ea094b9e4c4054f82e223ada074c552335b9b4b2d14bd9b35a67c4/joblib-1.5.2.tar.gz", hash = "sha256:3faa5c39054b2f03ca547da9b2f52fde67c06240c31853f306aea97f13647b55", size = 331077, upload-time = "2025-08-27T12:15:46.575Z" }
wheels = [
    { url = "https://files.pythonhosted.org/packages/1e/e8/685f47e0d754320684db4425a0967f7d3fa70126bffd76110b7009a0090f/joblib-1.5.2-py3-none-any.whl", hash = "sha256:4e1f0bdbb987e6d843c70cf43714cb276623def372df3c22fe5266b2670bc241", size = 308396, upload-time = "2025-08-27T12:15:45.188Z" },
]

[[package]]
name = "kiwisolver"
version = "1.4.5"
source = { registry = "https://download.pytorch.org/whl/nightly/cu130" }
wheels = [
    { url = "https://download.pytorch.org/whl/nightly/kiwisolver-1.4.5-cp312-cp312-macosx_10_9_universal2.whl" },
    { url = "https://download.pytorch.org/whl/nightly/kiwisolver-1.4.5-cp312-cp312-macosx_10_9_x86_64.whl" },
    { url = "https://download.pytorch.org/whl/nightly/kiwisolver-1.4.5-cp312-cp312-macosx_11_0_arm64.whl" },
    { url = "https://download.pytorch.org/whl/nightly/kiwisolver-1.4.5-cp312-cp312-manylinux_2_12_i686.manylinux2010_i686.manylinux_2_17_i686.manylinux2014_i686.whl" },
    { url = "https://download.pytorch.org/whl/nightly/kiwisolver-1.4.5-cp312-cp312-manylinux_2_17_aarch64.manylinux2014_aarch64.whl" },
    { url = "https://download.pytorch.org/whl/nightly/kiwisolver-1.4.5-cp312-cp312-manylinux_2_17_ppc64le.manylinux2014_ppc64le.whl" },
    { url = "https://download.pytorch.org/whl/nightly/kiwisolver-1.4.5-cp312-cp312-manylinux_2_17_s390x.manylinux2014_s390x.whl" },
    { url = "https://download.pytorch.org/whl/nightly/kiwisolver-1.4.5-cp312-cp312-manylinux_2_17_x86_64.manylinux2014_x86_64.whl" },
    { url = "https://download.pytorch.org/whl/nightly/kiwisolver-1.4.5-cp312-cp312-win_amd64.whl" },
]

[[package]]
name = "markupsafe"
version = "3.0.2"
source = { registry = "https://download.pytorch.org/whl/nightly/cu130" }
wheels = [
    { url = "https://download.pytorch.org/whl/nightly/MarkupSafe-3.0.2-cp312-cp312-macosx_10_13_universal2.whl" },
    { url = "https://download.pytorch.org/whl/nightly/MarkupSafe-3.0.2-cp312-cp312-macosx_11_0_arm64.whl" },
    { url = "https://download.pytorch.org/whl/nightly/MarkupSafe-3.0.2-cp312-cp312-manylinux_2_17_aarch64.manylinux2014_aarch64.whl" },
    { url = "https://download.pytorch.org/whl/nightly/MarkupSafe-3.0.2-cp312-cp312-manylinux_2_17_x86_64.manylinux2014_x86_64.whl" },
    { url = "https://download.pytorch.org/whl/nightly/MarkupSafe-3.0.2-cp312-cp312-manylinux_2_5_i686.manylinux1_i686.manylinux_2_17_i686.manylinux2014_i686.whl" },
    { url = "https://download.pytorch.org/whl/nightly/MarkupSafe-3.0.2-cp312-cp312-win_amd64.whl" },
]

[[package]]
name = "matplotlib"
version = "3.9.0"
source = { registry = "https://download.pytorch.org/whl/nightly/cu130" }
dependencies = [
    { name = "contourpy" },
    { name = "cycler" },
    { name = "fonttools" },
    { name = "kiwisolver" },
    { name = "numpy" },
    { name = "packaging" },
    { name = "pillow" },
    { name = "pyparsing" },
    { name = "python-dateutil" },
]
wheels = [
    { url = "https://download.pytorch.org/whl/nightly/matplotlib-3.9.0-cp312-cp312-macosx_10_12_x86_64.whl" },
    { url = "https://download.pytorch.org/whl/nightly/matplotlib-3.9.0-cp312-cp312-macosx_11_0_arm64.whl" },
    { url = "https://download.pytorch.org/whl/nightly/matplotlib-3.9.0-cp312-cp312-manylinux_2_17_aarch64.manylinux2014_aarch64.whl" },
    { url = "https://download.pytorch.org/whl/nightly/matplotlib-3.9.0-cp312-cp312-manylinux_2_17_x86_64.manylinux2014_x86_64.whl" },
    { url = "https://download.pytorch.org/whl/nightly/matplotlib-3.9.0-cp312-cp312-win_amd64.whl" },
]

[[package]]
name = "mpmath"
version = "1.3.0"
source = { registry = "https://download.pytorch.org/whl/nightly/cu130" }
wheels = [
    { url = "https://download.pytorch.org/whl/nightly/mpmath-1.3.0-py3-none-any.whl" },
]

[[package]]
name = "networkx"
version = "3.5"
source = { registry = "https://download.pytorch.org/whl/nightly/cu130" }
wheels = [
    { url = "https://download.pytorch.org/whl/nightly/networkx-3.5-py3-none-any.whl" },
]

[[package]]
name = "nnstacking"
version = "0.1.0"
source = { virtual = "." }
dependencies = [
    { name = "attrs" },
    { name = "matplotlib" },
    { name = "numpy" },
    { name = "scikit-learn" },
    { name = "scipy" },
    { name = "torch" },
    { name = "torchaudio" },
    { name = "torchvision" },
]

[package.dev-dependencies]
dev = [
    { name = "ruff" },
]

[package.metadata]
requires-dist = [
    { name = "attrs", specifier = ">=25.3.0" },
    { name = "matplotlib" },
    { name = "numpy" },
    { name = "scikit-learn" },
    { name = "scipy" },
    { name = "torch", index = "https://download.pytorch.org/whl/nightly/cu130" },
    { name = "torchaudio", index = "https://download.pytorch.org/whl/nightly/cu130" },
    { name = "torchvision", index = "https://download.pytorch.org/whl/nightly/cu130" },
]

[package.metadata.requires-dev]
dev = [{ name = "ruff", specifier = ">=0.13.3" }]

[[package]]
name = "numpy"
version = "2.3.3"
source = { registry = "https://download.pytorch.org/whl/nightly/cu130" }
wheels = [
    { url = "https://download.pytorch.org/whl/nightly/numpy-2.3.3-cp312-cp312-macosx_10_13_x86_64.whl" },
    { url = "https://download.pytorch.org/whl/nightly/numpy-2.3.3-cp312-cp312-macosx_11_0_arm64.whl" },
    { url = "https://download.pytorch.org/whl/nightly/numpy-2.3.3-cp312-cp312-macosx_14_0_arm64.whl" },
    { url = "https://download.pytorch.org/whl/nightly/numpy-2.3.3-cp312-cp312-macosx_14_0_x86_64.whl" },
    { url = "https://download.pytorch.org/whl/nightly/numpy-2.3.3-cp312-cp312-manylinux_2_27_aarch64.manylinux_2_28_aarch64.whl" },
    { url = "https://download.pytorch.org/whl/nightly/numpy-2.3.3-cp312-cp312-manylinux_2_27_x86_64.manylinux_2_28_x86_64.whl" },
    { url = "https://download.pytorch.org/whl/nightly/numpy-2.3.3-cp312-cp312-win_amd64.whl" },
    { url = "https://download.pytorch.org/whl/nightly/numpy-2.3.3-cp312-cp312-win_arm64.whl" },
]

[[package]]
name = "nvidia-cublas"
version = "13.0.0.19"
source = { registry = "https://download.pytorch.org/whl/nightly/cu130" }
wheels = [
    { url = "https://download.pytorch.org/whl/nightly/cu130/nvidia_cublas-13.0.0.19-py3-none-manylinux_2_27_aarch64.whl" },
    { url = "https://download.pytorch.org/whl/nightly/cu130/nvidia_cublas-13.0.0.19-py3-none-manylinux_2_27_x86_64.whl" },
]

[[package]]
name = "nvidia-cuda-cupti"
version = "13.0.48"
source = { registry = "https://download.pytorch.org/whl/nightly/cu130" }
wheels = [
    { url = "https://download.pytorch.org/whl/nightly/cu130/nvidia_cuda_cupti-13.0.48-py3-none-manylinux_2_25_aarch64.whl" },
    { url = "https://download.pytorch.org/whl/nightly/cu130/nvidia_cuda_cupti-13.0.48-py3-none-manylinux_2_25_x86_64.whl" },
]

[[package]]
name = "nvidia-cuda-nvrtc"
version = "13.0.48"
source = { registry = "https://download.pytorch.org/whl/nightly/cu130" }
wheels = [
    { url = "https://download.pytorch.org/whl/nightly/cu130/nvidia_cuda_nvrtc-13.0.48-py3-none-manylinux2010_x86_64.manylinux_2_12_x86_64.whl" },
    { url = "https://download.pytorch.org/whl/nightly/cu130/nvidia_cuda_nvrtc-13.0.48-py3-none-manylinux2014_aarch64.manylinux_2_17_aarch64.whl" },
]

[[package]]
name = "nvidia-cuda-runtime"
version = "13.0.48"
source = { registry = "https://download.pytorch.org/whl/nightly/cu130" }
wheels = [
    { url = "https://download.pytorch.org/whl/nightly/cu130/nvidia_cuda_runtime-13.0.48-py3-none-manylinux2014_aarch64.manylinux_2_17_aarch64.whl" },
    { url = "https://download.pytorch.org/whl/nightly/cu130/nvidia_cuda_runtime-13.0.48-py3-none-manylinux2014_x86_64.manylinux_2_17_x86_64.whl" },
]

[[package]]
name = "nvidia-cudnn-cu13"
version = "9.13.0.50"
source = { registry = "https://download.pytorch.org/whl/nightly/cu130" }
dependencies = [
    { name = "nvidia-cublas" },
]
wheels = [
    { url = "https://download.pytorch.org/whl/nightly/nvidia_cudnn_cu13-9.13.0.50-py3-none-manylinux_2_27_aarch64.whl" },
    { url = "https://download.pytorch.org/whl/nightly/nvidia_cudnn_cu13-9.13.0.50-py3-none-manylinux_2_27_x86_64.whl" },
]

[[package]]
name = "nvidia-cufft"
version = "12.0.0.15"
source = { registry = "https://download.pytorch.org/whl/nightly/cu130" }
dependencies = [
    { name = "nvidia-nvjitlink" },
]
wheels = [
    { url = "https://download.pytorch.org/whl/nightly/cu130/nvidia_cufft-12.0.0.15-py3-none-manylinux2014_aarch64.manylinux_2_17_aarch64.whl" },
    { url = "https://download.pytorch.org/whl/nightly/cu130/nvidia_cufft-12.0.0.15-py3-none-manylinux2014_x86_64.manylinux_2_17_x86_64.whl" },
]

[[package]]
name = "nvidia-cufile"
version = "1.15.0.42"
source = { registry = "https://download.pytorch.org/whl/nightly/cu130" }
wheels = [
    { url = "https://download.pytorch.org/whl/nightly/cu130/nvidia_cufile-1.15.0.42-py3-none-manylinux2014_x86_64.manylinux_2_17_x86_64.whl" },
    { url = "https://download.pytorch.org/whl/nightly/cu130/nvidia_cufile-1.15.0.42-py3-none-manylinux_2_27_aarch64.whl" },
]

[[package]]
name = "nvidia-curand"
version = "10.4.0.35"
source = { registry = "https://download.pytorch.org/whl/nightly/cu130" }
wheels = [
    { url = "https://download.pytorch.org/whl/nightly/cu130/nvidia_curand-10.4.0.35-py3-none-manylinux_2_27_aarch64.whl" },
    { url = "https://download.pytorch.org/whl/nightly/cu130/nvidia_curand-10.4.0.35-py3-none-manylinux_2_27_x86_64.whl" },
]

[[package]]
name = "nvidia-cusolver"
version = "12.0.3.29"
source = { registry = "https://download.pytorch.org/whl/nightly/cu130" }
dependencies = [
    { name = "nvidia-cublas" },
    { name = "nvidia-cusparse" },
    { name = "nvidia-nvjitlink" },
]
wheels = [
    { url = "https://download.pytorch.org/whl/nightly/cu130/nvidia_cusolver-12.0.3.29-py3-none-manylinux_2_27_aarch64.whl" },
    { url = "https://download.pytorch.org/whl/nightly/cu130/nvidia_cusolver-12.0.3.29-py3-none-manylinux_2_27_x86_64.whl" },
]

[[package]]
name = "nvidia-cusparse"
version = "12.6.2.49"
source = { registry = "https://download.pytorch.org/whl/nightly/cu130" }
dependencies = [
    { name = "nvidia-nvjitlink" },
]
wheels = [
    { url = "https://download.pytorch.org/whl/nightly/cu130/nvidia_cusparse-12.6.2.49-py3-none-manylinux2014_aarch64.manylinux_2_17_aarch64.whl" },
    { url = "https://download.pytorch.org/whl/nightly/cu130/nvidia_cusparse-12.6.2.49-py3-none-manylinux2014_x86_64.manylinux_2_17_x86_64.whl" },
]

[[package]]
name = "nvidia-cusparselt-cu13"
version = "0.8.0"
source = { registry = "https://download.pytorch.org/whl/nightly/cu130" }
wheels = [
    { url = "https://download.pytorch.org/whl/nightly/cu130/nvidia_cusparselt_cu13-0.8.0-py3-none-manylinux2014_aarch64.whl" },
    { url = "https://download.pytorch.org/whl/nightly/cu130/nvidia_cusparselt_cu13-0.8.0-py3-none-manylinux2014_x86_64.whl" },
]

[[package]]
name = "nvidia-nccl-cu13"
version = "2.27.7"
source = { registry = "https://download.pytorch.org/whl/nightly/cu130" }
wheels = [
    { url = "https://download.pytorch.org/whl/nightly/cu130/nvidia_nccl_cu13-2.27.7-py3-none-manylinux2014_aarch64.manylinux_2_17_aarch64.whl" },
    { url = "https://download.pytorch.org/whl/nightly/cu130/nvidia_nccl_cu13-2.27.7-py3-none-manylinux2014_x86_64.manylinux_2_17_x86_64.whl" },
]

[[package]]
name = "nvidia-nvjitlink"
version = "13.0.39"
source = { registry = "https://download.pytorch.org/whl/nightly/cu130" }
wheels = [
    { url = "https://download.pytorch.org/whl/nightly/cu130/nvidia_nvjitlink-13.0.39-py3-none-manylinux2010_x86_64.manylinux_2_12_x86_64.whl" },
    { url = "https://download.pytorch.org/whl/nightly/cu130/nvidia_nvjitlink-13.0.39-py3-none-manylinux2014_aarch64.manylinux_2_17_aarch64.whl" },
]

[[package]]
name = "nvidia-nvshmem-cu13"
version = "3.3.24"
source = { registry = "https://download.pytorch.org/whl/nightly/cu130" }
wheels = [
    { url = "https://download.pytorch.org/whl/nightly/cu130/nvidia_nvshmem_cu13-3.3.24-py3-none-manylinux2014_aarch64.manylinux_2_17_aarch64.whl" },
    { url = "https://download.pytorch.org/whl/nightly/cu130/nvidia_nvshmem_cu13-3.3.24-py3-none-manylinux2014_x86_64.manylinux_2_17_x86_64.whl" },
]

[[package]]
name = "nvidia-nvtx"
version = "13.0.39"
source = { registry = "https://download.pytorch.org/whl/nightly/cu130" }
wheels = [
    { url = "https://download.pytorch.org/whl/nightly/cu130/nvidia_nvtx-13.0.39-py3-none-manylinux1_x86_64.manylinux_2_5_x86_64.whl" },
    { url = "https://download.pytorch.org/whl/nightly/cu130/nvidia_nvtx-13.0.39-py3-none-manylinux2014_aarch64.manylinux_2_17_aarch64.whl" },
]

[[package]]
name = "packaging"
version = "25.0"
source = { registry = "https://download.pytorch.org/whl/nightly/cu130" }
wheels = [
    { url = "https://download.pytorch.org/whl/nightly/packaging-25.0-py3-none-any.whl" },
]

[[package]]
name = "pillow"
version = "11.3.0"
source = { registry = "https://download.pytorch.org/whl/nightly/cu130" }
wheels = [
    { url = "https://download.pytorch.org/whl/nightly/pillow-11.3.0-cp312-cp312-macosx_10_13_x86_64.whl" },
    { url = "https://download.pytorch.org/whl/nightly/pillow-11.3.0-cp312-cp312-macosx_11_0_arm64.whl" },
    { url = "https://download.pytorch.org/whl/nightly/pillow-11.3.0-cp312-cp312-manylinux2014_aarch64.manylinux_2_17_aarch64.whl" },
    { url = "https://download.pytorch.org/whl/nightly/pillow-11.3.0-cp312-cp312-manylinux2014_x86_64.manylinux_2_17_x86_64.whl" },
    { url = "https://download.pytorch.org/whl/nightly/pillow-11.3.0-cp312-cp312-manylinux_2_27_aarch64.manylinux_2_28_aarch64.whl" },
    { url = "https://download.pytorch.org/whl/nightly/pillow-11.3.0-cp312-cp312-manylinux_2_27_x86_64.manylinux_2_28_x86_64.whl" },
    { url = "https://download.pytorch.org/whl/nightly/pillow-11.3.0-cp312-cp312-win_amd64.whl" },
    { url = "https://download.pytorch.org/whl/nightly/pillow-11.3.0-cp312-cp312-win_arm64.whl" },
]

[[package]]
name = "pyparsing"
version = "3.1.2"
source = { registry = "https://download.pytorch.org/whl/nightly/cu130" }
wheels = [
    { url = "https://download.pytorch.org/whl/nightly/pyparsing-3.1.2-py3-none-any.whl" },
]

[[package]]
name = "python-dateutil"
version = "2.9.0"
source = { registry = "https://download.pytorch.org/whl/nightly/cu130" }
dependencies = [
    { name = "six" },
]
wheels = [
    { url = "https://download.pytorch.org/whl/nightly/python_dateutil-2.9.0-py2.py3-none-any.whl" },
]

[[package]]
name = "pytorch-triton"
version = "3.5.0+git27664085"
source = { registry = "https://download.pytorch.org/whl/nightly/cu130" }
wheels = [
    { url = "https://download.pytorch.org/whl/nightly/pytorch_triton-3.5.0%2Bgit27664085-cp312-cp312-linux_aarch64.whl" },
    { url = "https://download.pytorch.org/whl/nightly/pytorch_triton-3.5.0%2Bgit27664085-cp312-cp312-manylinux_2_27_x86_64.manylinux_2_28_x86_64.whl" },
]

[[package]]
name = "ruff"
version = "0.13.3"
source = { registry = "https://pypi.org/simple" }
sdist = { url = "https://files.pythonhosted.org/packages/c7/8e/f9f9ca747fea8e3ac954e3690d4698c9737c23b51731d02df999c150b1c9/ruff-0.13.3.tar.gz", hash = "sha256:5b0ba0db740eefdfbcce4299f49e9eaefc643d4d007749d77d047c2bab19908e", size = 5438533, upload-time = "2025-10-02T19:29:31.582Z" }
wheels = [
    { url = "https://files.pythonhosted.org/packages/d2/33/8f7163553481466a92656d35dea9331095122bb84cf98210bef597dd2ecd/ruff-0.13.3-py3-none-linux_armv6l.whl", hash = "sha256:311860a4c5e19189c89d035638f500c1e191d283d0cc2f1600c8c80d6dcd430c", size = 12484040, upload-time = "2025-10-02T19:28:49.199Z" },
    { url = "https://files.pythonhosted.org/packages/b0/b5/4a21a4922e5dd6845e91896b0d9ef493574cbe061ef7d00a73c61db531af/ruff-0.13.3-py3-none-macosx_10_12_x86_64.whl", hash = "sha256:2bdad6512fb666b40fcadb65e33add2b040fc18a24997d2e47fee7d66f7fcae2", size = 13122975, upload-time = "2025-10-02T19:28:52.446Z" },
    { url = "https://files.pythonhosted.org/packages/40/90/15649af836d88c9f154e5be87e64ae7d2b1baa5a3ef317cb0c8fafcd882d/ruff-0.13.3-py3-none-macosx_11_0_arm64.whl", hash = "sha256:fc6fa4637284708d6ed4e5e970d52fc3b76a557d7b4e85a53013d9d201d93286", size = 12346621, upload-time = "2025-10-02T19:28:54.712Z" },
    { url = "https://files.pythonhosted.org/packages/a5/42/bcbccb8141305f9a6d3f72549dd82d1134299177cc7eaf832599700f95a7/ruff-0.13.3-py3-none-manylinux_2_17_aarch64.manylinux2014_aarch64.whl", hash = "sha256:1c9e6469864f94a98f412f20ea143d547e4c652f45e44f369d7b74ee78185838", size = 12574408, upload-time = "2025-10-02T19:28:56.679Z" },
    { url = "https://files.pythonhosted.org/packages/ce/19/0f3681c941cdcfa2d110ce4515624c07a964dc315d3100d889fcad3bfc9e/ruff-0.13.3-py3-none-manylinux_2_17_armv7l.manylinux2014_armv7l.whl", hash = "sha256:5bf62b705f319476c78891e0e97e965b21db468b3c999086de8ffb0d40fd2822", size = 12285330, upload-time = "2025-10-02T19:28:58.79Z" },
    { url = "https://files.pythonhosted.org/packages/10/f8/387976bf00d126b907bbd7725219257feea58650e6b055b29b224d8cb731/ruff-0.13.3-py3-none-manylinux_2_17_i686.manylinux2014_i686.whl", hash = "sha256:78cc1abed87ce40cb07ee0667ce99dbc766c9f519eabfd948ed87295d8737c60", size = 13980815, upload-time = "2025-10-02T19:29:01.577Z" },
    { url = "https://files.pythonhosted.org/packages/0c/a6/7c8ec09d62d5a406e2b17d159e4817b63c945a8b9188a771193b7e1cc0b5/ruff-0.13.3-py3-none-manylinux_2_17_ppc64.manylinux2014_ppc64.whl", hash = "sha256:4fb75e7c402d504f7a9a259e0442b96403fa4a7310ffe3588d11d7e170d2b1e3", size = 14987733, upload-time = "2025-10-02T19:29:04.036Z" },
    { url = "https://files.pythonhosted.org/packages/97/e5/f403a60a12258e0fd0c2195341cfa170726f254c788673495d86ab5a9a9d/ruff-0.13.3-py3-none-manylinux_2_17_ppc64le.manylinux2014_ppc64le.whl", hash = "sha256:17b951f9d9afb39330b2bdd2dd144ce1c1335881c277837ac1b50bfd99985ed3", size = 14439848, upload-time = "2025-10-02T19:29:06.684Z" },
    { url = "https://files.pythonhosted.org/packages/39/49/3de381343e89364c2334c9f3268b0349dc734fc18b2d99a302d0935c8345/ruff-0.13.3-py3-none-manylinux_2_17_s390x.manylinux2014_s390x.whl", hash = "sha256:6052f8088728898e0a449f0dde8fafc7ed47e4d878168b211977e3e7e854f662", size = 13421890, upload-time = "2025-10-02T19:29:08.767Z" },
    { url = "https://files.pythonhosted.org/packages/ab/b5/c0feca27d45ae74185a6bacc399f5d8920ab82df2d732a17213fb86a2c4c/ruff-0.13.3-py3-none-manylinux_2_17_x86_64.manylinux2014_x86_64.whl", hash = "sha256:dc742c50f4ba72ce2a3be362bd359aef7d0d302bf7637a6f942eaa763bd292af", size = 13444870, upload-time = "2025-10-02T19:29:11.234Z" },
    { url = "https://files.pythonhosted.org/packages/50/a1/b655298a1f3fda4fdc7340c3f671a4b260b009068fbeb3e4e151e9e3e1bf/ruff-0.13.3-py3-none-manylinux_2_31_riscv64.whl", hash = "sha256:8e5640349493b378431637019366bbd73c927e515c9c1babfea3e932f5e68e1d", size = 13691599, upload-time = "2025-10-02T19:29:13.353Z" },
    { url = "https://files.pythonhosted.org/packages/32/b0/a8705065b2dafae007bcae21354e6e2e832e03eb077bb6c8e523c2becb92/ruff-0.13.3-py3-none-musllinux_1_2_aarch64.whl", hash = "sha256:6b139f638a80eae7073c691a5dd8d581e0ba319540be97c343d60fb12949c8d0", size = 12421893, upload-time = "2025-10-02T19:29:15.668Z" },
    { url = "https://files.pythonhosted.org/packages/0d/1e/cbe7082588d025cddbb2f23e6dfef08b1a2ef6d6f8328584ad3015b5cebd/ruff-0.13.3-py3-none-musllinux_1_2_armv7l.whl", hash = "sha256:6b547def0a40054825de7cfa341039ebdfa51f3d4bfa6a0772940ed351d2746c", size = 12267220, upload-time = "2025-10-02T19:29:17.583Z" },
    { url = "https://files.pythonhosted.org/packages/a5/99/4086f9c43f85e0755996d09bdcb334b6fee9b1eabdf34e7d8b877fadf964/ruff-0.13.3-py3-none-musllinux_1_2_i686.whl", hash = "sha256:9cc48a3564423915c93573f1981d57d101e617839bef38504f85f3677b3a0a3e", size = 13177818, upload-time = "2025-10-02T19:29:19.943Z" },
    { url = "https://files.pythonhosted.org/packages/9b/de/7b5db7e39947d9dc1c5f9f17b838ad6e680527d45288eeb568e860467010/ruff-0.13.3-py3-none-musllinux_1_2_x86_64.whl", hash = "sha256:1a993b17ec03719c502881cb2d5f91771e8742f2ca6de740034433a97c561989", size = 13618715, upload-time = "2025-10-02T19:29:22.527Z" },
    { url = "https://files.pythonhosted.org/packages/28/d3/bb25ee567ce2f61ac52430cf99f446b0e6d49bdfa4188699ad005fdd16aa/ruff-0.13.3-py3-none-win32.whl", hash = "sha256:f14e0d1fe6460f07814d03c6e32e815bff411505178a1f539a38f6097d3e8ee3", size = 12334488, upload-time = "2025-10-02T19:29:24.782Z" },
    { url = "https://files.pythonhosted.org/packages/cf/49/12f5955818a1139eed288753479ba9d996f6ea0b101784bb1fe6977ec128/ruff-0.13.3-py3-none-win_amd64.whl", hash = "sha256:621e2e5812b691d4f244638d693e640f188bacbb9bc793ddd46837cea0503dd2", size = 13455262, upload-time = "2025-10-02T19:29:26.882Z" },
    { url = "https://files.pythonhosted.org/packages/fe/72/7b83242b26627a00e3af70d0394d68f8f02750d642567af12983031777fc/ruff-0.13.3-py3-none-win_arm64.whl", hash = "sha256:9e9e9d699841eaf4c2c798fa783df2fabc680b72059a02ca0ed81c460bc58330", size = 12538484, upload-time = "2025-10-02T19:29:28.951Z" },
]

[[package]]
name = "scikit-learn"
version = "1.7.2"
source = { registry = "https://pypi.org/simple" }
dependencies = [
    { name = "joblib" },
    { name = "numpy" },
    { name = "scipy" },
    { name = "threadpoolctl" },
]
sdist = { url = "https://files.pythonhosted.org/packages/98/c2/a7855e41c9d285dfe86dc50b250978105dce513d6e459ea66a6aeb0e1e0c/scikit_learn-1.7.2.tar.gz", hash = "sha256:20e9e49ecd130598f1ca38a1d85090e1a600147b9c02fa6f15d69cb53d968fda", size = 7193136, upload-time = "2025-09-09T08:21:29.075Z" }
wheels = [
    { url = "https://files.pythonhosted.org/packages/a7/aa/3996e2196075689afb9fce0410ebdb4a09099d7964d061d7213700204409/scikit_learn-1.7.2-cp312-cp312-macosx_10_13_x86_64.whl", hash = "sha256:8d91a97fa2b706943822398ab943cde71858a50245e31bc71dba62aab1d60a96", size = 9259818, upload-time = "2025-09-09T08:20:43.19Z" },
    { url = "https://files.pythonhosted.org/packages/43/5d/779320063e88af9c4a7c2cf463ff11c21ac9c8bd730c4a294b0000b666c9/scikit_learn-1.7.2-cp312-cp312-macosx_12_0_arm64.whl", hash = "sha256:acbc0f5fd2edd3432a22c69bed78e837c70cf896cd7993d71d51ba6708507476", size = 8636997, upload-time = "2025-09-09T08:20:45.468Z" },
    { url = "https://files.pythonhosted.org/packages/5c/d0/0c577d9325b05594fdd33aa970bf53fb673f051a45496842caee13cfd7fe/scikit_learn-1.7.2-cp312-cp312-manylinux2014_x86_64.manylinux_2_17_x86_64.whl", hash = "sha256:e5bf3d930aee75a65478df91ac1225ff89cd28e9ac7bd1196853a9229b6adb0b", size = 9478381, upload-time = "2025-09-09T08:20:47.982Z" },
    { url = "https://files.pythonhosted.org/packages/82/70/8bf44b933837ba8494ca0fc9a9ab60f1c13b062ad0197f60a56e2fc4c43e/scikit_learn-1.7.2-cp312-cp312-manylinux_2_27_aarch64.manylinux_2_28_aarch64.whl", hash = "sha256:b4d6e9deed1a47aca9fe2f267ab8e8fe82ee20b4526b2c0cd9e135cea10feb44", size = 9300296, upload-time = "2025-09-09T08:20:50.366Z" },
    { url = "https://files.pythonhosted.org/packages/c6/99/ed35197a158f1fdc2fe7c3680e9c70d0128f662e1fee4ed495f4b5e13db0/scikit_learn-1.7.2-cp312-cp312-win_amd64.whl", hash = "sha256:6088aa475f0785e01bcf8529f55280a3d7d298679f50c0bb70a2364a82d0b290", size = 8731256, upload-time = "2025-09-09T08:20:52.627Z" },
]

[[package]]
name = "scipy"
version = "1.16.2"
source = { registry = "https://download.pytorch.org/whl/nightly/cu130" }
dependencies = [
    { name = "numpy" },
]
wheels = [
    { url = "https://download.pytorch.org/whl/nightly/scipy-1.16.2-cp312-cp312-macosx_10_14_x86_64.whl" },
    { url = "https://download.pytorch.org/whl/nightly/scipy-1.16.2-cp312-cp312-macosx_12_0_arm64.whl" },
    { url = "https://download.pytorch.org/whl/nightly/scipy-1.16.2-cp312-cp312-macosx_14_0_arm64.whl" },
    { url = "https://download.pytorch.org/whl/nightly/scipy-1.16.2-cp312-cp312-macosx_14_0_x86_64.whl" },
    { url = "https://download.pytorch.org/whl/nightly/scipy-1.16.2-cp312-cp312-manylinux2014_aarch64.manylinux_2_17_aarch64.whl" },
    { url = "https://download.pytorch.org/whl/nightly/scipy-1.16.2-cp312-cp312-manylinux2014_x86_64.manylinux_2_17_x86_64.whl" },
    { url = "https://download.pytorch.org/whl/nightly/scipy-1.16.2-cp312-cp312-win_amd64.whl" },
    { url = "https://download.pytorch.org/whl/nightly/scipy-1.16.2-cp312-cp312-win_arm64.whl" },
]

[[package]]
name = "setuptools"
version = "78.1.0"
source = { registry = "https://download.pytorch.org/whl/nightly/cu130" }
sdist = { url = "https://download.pytorch.org/whl/nightly/setuptools-78.1.0.tar.gz" }
wheels = [
    { url = "https://download.pytorch.org/whl/nightly/setuptools-78.1.0-py3-none-any.whl" },
]

[[package]]
name = "six"
version = "1.17.0"
source = { registry = "https://download.pytorch.org/whl/nightly/cu130" }
wheels = [
    { url = "https://download.pytorch.org/whl/nightly/six-1.17.0-py2.py3-none-any.whl" },
]

[[package]]
name = "sympy"
version = "1.14.0"
source = { registry = "https://download.pytorch.org/whl/nightly/cu130" }
dependencies = [
    { name = "mpmath" },
]
wheels = [
    { url = "https://download.pytorch.org/whl/nightly/sympy-1.14.0-py3-none-any.whl" },
]

[[package]]
name = "threadpoolctl"
version = "3.6.0"
source = { registry = "https://pypi.org/simple" }
sdist = { url = "https://files.pythonhosted.org/packages/b7/4d/08c89e34946fce2aec4fbb45c9016efd5f4d7f24af8e5d93296e935631d8/threadpoolctl-3.6.0.tar.gz", hash = "sha256:8ab8b4aa3491d812b623328249fab5302a68d2d71745c8a4c719a2fcaba9f44e", size = 21274, upload-time = "2025-03-13T13:49:23.031Z" }
wheels = [
    { url = "https://files.pythonhosted.org/packages/32/d5/f9a850d79b0851d1d4ef6456097579a9005b31fea68726a4ae5f2d82ddd9/threadpoolctl-3.6.0-py3-none-any.whl", hash = "sha256:43a0b8fd5a2928500110039e43a5eed8480b918967083ea48dc3ab9f13c4a7fb", size = 18638, upload-time = "2025-03-13T13:49:21.846Z" },
]

[[package]]
name = "torch"
version = "2.10.0.dev20251002+cu130"
source = { registry = "https://download.pytorch.org/whl/nightly/cu130" }
dependencies = [
    { name = "filelock" },
    { name = "fsspec" },
    { name = "jinja2" },
    { name = "networkx" },
    { name = "nvidia-cublas", marker = "sys_platform == 'linux'" },
    { name = "nvidia-cuda-cupti", marker = "sys_platform == 'linux'" },
    { name = "nvidia-cuda-nvrtc", marker = "sys_platform == 'linux'" },
    { name = "nvidia-cuda-runtime", marker = "sys_platform == 'linux'" },
    { name = "nvidia-cudnn-cu13", marker = "sys_platform == 'linux'" },
    { name = "nvidia-cufft", marker = "sys_platform == 'linux'" },
    { name = "nvidia-cufile", marker = "sys_platform == 'linux'" },
    { name = "nvidia-curand", marker = "sys_platform == 'linux'" },
    { name = "nvidia-cusolver", marker = "sys_platform == 'linux'" },
    { name = "nvidia-cusparse", marker = "sys_platform == 'linux'" },
    { name = "nvidia-cusparselt-cu13", marker = "sys_platform == 'linux'" },
    { name = "nvidia-nccl-cu13", marker = "sys_platform == 'linux'" },
    { name = "nvidia-nvjitlink", marker = "sys_platform == 'linux'" },
    { name = "nvidia-nvshmem-cu13", marker = "sys_platform == 'linux'" },
    { name = "nvidia-nvtx", marker = "sys_platform == 'linux'" },
    { name = "pytorch-triton", marker = "sys_platform == 'linux'" },
    { name = "setuptools" },
    { name = "sympy" },
    { name = "typing-extensions" },
]
wheels = [
    { url = "https://download.pytorch.org/whl/nightly/cu130/torch-2.10.0.dev20251002%2Bcu130-cp312-cp312-manylinux_2_28_x86_64.whl" },
    { url = "https://download.pytorch.org/whl/nightly/cu130/torch-2.10.0.dev20251002%2Bcu130-cp312-cp312-win_amd64.whl" },
]

[[package]]
name = "torchaudio"
version = "2.8.0.dev20251002+cu130"
source = { registry = "https://download.pytorch.org/whl/nightly/cu130" }
dependencies = [
    { name = "torch" },
]
wheels = [
    { url = "https://download.pytorch.org/whl/nightly/cu130/torchaudio-2.8.0.dev20251002%2Bcu130-cp312-cp312-manylinux_2_28_x86_64.whl" },
    { url = "https://download.pytorch.org/whl/nightly/cu130/torchaudio-2.8.0.dev20251002%2Bcu130-cp312-cp312-win_amd64.whl" },
]

[[package]]
name = "torchvision"
version = "0.25.0.dev20251002+cu130"
source = { registry = "https://download.pytorch.org/whl/nightly/cu130" }
dependencies = [
    { name = "numpy" },
    { name = "pillow" },
    { name = "torch" },
]
wheels = [
    { url = "https://download.pytorch.org/whl/nightly/cu130/torchvision-0.25.0.dev20251002%2Bcu130-cp312-cp312-manylinux_2_28_x86_64.whl" },
    { url = "https://download.pytorch.org/whl/nightly/cu130/torchvision-0.25.0.dev20251002%2Bcu130-cp312-cp312-win_amd64.whl" },
]

[[package]]
name = "typing-extensions"
version = "4.15.0"
source = { registry = "https://download.pytorch.org/whl/nightly/cu130" }
wheels = [
    { url = "https://download.pytorch.org/whl/nightly/typing_extensions-4.15.0-py3-none-any.whl" },
]
